
Microsoft Visual Studio Solution File, Format Version 12.00
# Visual Studio 15
VisualStudioVersion = 15.0.28307.329
MinimumVisualStudioVersion = 10.0.40219.1
Project("{FAE04EC0-301F-11D3-BF4B-00C04F79EFBC}") = "ConcesionarioBasicoA", "ConcesionarioBasicoA\ConcesionarioBasicoA.csproj", "{605570B5-2551-4A2C-BED2-BD36D0F834D8}"
EndProject
Global
	GlobalSection(SolutionConfigurationPlatforms) = preSolution
		Debug|Any CPU = Debug|Any CPU
		Release|Any CPU = Release|Any CPU
	EndGlobalSection
	GlobalSection(ProjectConfigurationPlatforms) = postSolution
		{605570B5-2551-4A2C-BED2-BD36D0F834D8}.Debug|Any CPU.ActiveCfg = Debug|Any CPU
		{605570B5-2551-4A2C-BED2-BD36D0F834D8}.Debug|Any CPU.Build.0 = Debug|Any CPU
		{605570B5-2551-4A2C-BED2-BD36D0F834D8}.Release|Any CPU.ActiveCfg = Release|Any CPU
		{605570B5-2551-4A2C-BED2-BD36D0F834D8}.Release|Any CPU.Build.0 = Release|Any CPU
	EndGlobalSection
	GlobalSection(SolutionProperties) = preSolution
		HideSolutionNode = FALSE
	EndGlobalSection
	GlobalSection(ExtensibilityGlobals) = postSolution
		SolutionGuid = {4DBD93A0-4A55-4AE1-8479-A491A1A93DD4}
	EndGlobalSection
EndGlobal
